
Microsoft Visual Studio Solution File, Format Version 12.00
# Visual Studio Version 16
VisualStudioVersion = 16.0.30413.136
MinimumVisualStudioVersion = 10.0.40219.1
Project("{FAE04EC0-301F-11D3-BF4B-00C04F79EFBC}") = "TodoApi", "TodoApi\TodoApi.csproj", "{DABEBED3-003E-4812-934A-A659387C688A}"
EndProject
Global
	GlobalSection(SolutionConfigurationPlatforms) = preSolution
		Debug|Any CPU = Debug|Any CPU
		Release|Any CPU = Release|Any CPU
	EndGlobalSection
	GlobalSection(ProjectConfigurationPlatforms) = postSolution
		{DABEBED3-003E-4812-934A-A659387C688A}.Debug|Any CPU.ActiveCfg = Debug|Any CPU
		{DABEBED3-003E-4812-934A-A659387C688A}.Debug|Any CPU.Build.0 = Debug|Any CPU
		{DABEBED3-003E-4812-934A-A659387C688A}.Release|Any CPU.ActiveCfg = Release|Any CPU
		{DABEBED3-003E-4812-934A-A659387C688A}.Release|Any CPU.Build.0 = Release|Any CPU
	EndGlobalSection
	GlobalSection(SolutionProperties) = preSolution
		HideSolutionNode = FALSE
	EndGlobalSection
	GlobalSection(ExtensibilityGlobals) = postSolution
		SolutionGuid = {5BF1A2BD-1AF3-461D-89C4-F764179E413D}
	EndGlobalSection
EndGlobal
